
Microsoft Visual Studio Solution File, Format Version 12.00
# Visual Studio 15
VisualStudioVersion = 15.0.26711.1
MinimumVisualStudioVersion = 10.0.40219.1
Project("{9A19103F-16F7-4668-BE54-9A1E7A4F7556}") = "Synker.Scheduled.Example", "Synker.Scheduled.Example\Synker.Scheduled.Example.csproj", "{B2414B12-3542-417C-BB76-141DCBFA441C}"
EndProject
Project("{9A19103F-16F7-4668-BE54-9A1E7A4F7556}") = "Synker.Scheduled.HostedServices", "Synker.Scheduled.HostedServices\Synker.Scheduled.HostedServices.csproj", "{1E223E75-F32B-493F-83B6-A16B77A41543}"
EndProject
Project("{2150E333-8FDC-42A3-9474-1A3956D46DE8}") = "Solution Items", "Solution Items", "{3088EC61-7682-4CA4-B701-EA7AD3671BF7}"
	ProjectSection(SolutionItems) = preProject
		.travis.yml = .travis.yml
		README.md = README.md
	EndProjectSection
EndProject
Global
	GlobalSection(SolutionConfigurationPlatforms) = preSolution
		Debug|Any CPU = Debug|Any CPU
		Release|Any CPU = Release|Any CPU
	EndGlobalSection
	GlobalSection(ProjectConfigurationPlatforms) = postSolution
		{B2414B12-3542-417C-BB76-141DCBFA441C}.Debug|Any CPU.ActiveCfg = Debug|Any CPU
		{B2414B12-3542-417C-BB76-141DCBFA441C}.Debug|Any CPU.Build.0 = Debug|Any CPU
		{B2414B12-3542-417C-BB76-141DCBFA441C}.Release|Any CPU.ActiveCfg = Release|Any CPU
		{B2414B12-3542-417C-BB76-141DCBFA441C}.Release|Any CPU.Build.0 = Release|Any CPU
		{1E223E75-F32B-493F-83B6-A16B77A41543}.Debug|Any CPU.ActiveCfg = Debug|Any CPU
		{1E223E75-F32B-493F-83B6-A16B77A41543}.Debug|Any CPU.Build.0 = Debug|Any CPU
		{1E223E75-F32B-493F-83B6-A16B77A41543}.Release|Any CPU.ActiveCfg = Release|Any CPU
		{1E223E75-F32B-493F-83B6-A16B77A41543}.Release|Any CPU.Build.0 = Release|Any CPU
	EndGlobalSection
	GlobalSection(SolutionProperties) = preSolution
		HideSolutionNode = FALSE
	EndGlobalSection
	GlobalSection(ExtensibilityGlobals) = postSolution
		SolutionGuid = {3DFA2F2C-FAF2-4488-AF37-A1FA687CDF1C}
	EndGlobalSection
EndGlobal
